{
  "renv": {
    "Version": "0.7.0-21"
  },
  "R": {
    "Version": "3.6.1",
    "Repositories": [
      {
        "Name": "CRAN",
        "URL": "https://cran.rstudio.com"
      }
    ]
  },
  "Packages": {
    "BH": {
      "Package": "BH",
      "Version": "1.69.0-1",
      "Source": "CRAN",
      "Hash": "0fde015f5153e51df44981da0767f522"
    },
    "DiagrammeR": {
      "Package": "DiagrammeR",
      "Version": "1.0.1",
      "Source": "CRAN",
      "Hash": "8c29390852f0d92317538fe3fc6b965f"
    },
    "MASS": {
      "Package": "MASS",
      "Version": "7.3-51.4",
      "Source": "CRAN",
      "Hash": "a489ad42493fa9bfac8f3e3a3bc7d4ca"
    },
    "Matrix": {
      "Package": "Matrix",
      "Version": "1.2-17",
      "Source": "CRAN",
      "Hash": "a60009c832f495604f54399f21d89cc8"
    },
    "R6": {
      "Package": "R6",
      "Version": "2.4.0",
      "Source": "CRAN",
      "Hash": "92b50d943a7c76c67918c1e1beb68627"
    },
    "RColorBrewer": {
      "Package": "RColorBrewer",
      "Version": "1.1-2",
      "Source": "CRAN",
      "Hash": "f8a3bcc800d613797f1dfdf8ef4f0bfc"
    },
    "Rcpp": {
      "Package": "Rcpp",
      "Version": "1.0.2",
      "Source": "CRAN",
      "Hash": "c25fa7d5684fa7001ddfea3755243975"
    },
    "Rook": {
      "Package": "Rook",
      "Version": "1.1-1",
      "Source": "CRAN",
      "Hash": "038f382cfe4974cd8e01e974a25d2ba3"
    },
    "XML": {
      "Package": "XML",
      "Version": "3.98-1.20",
      "Source": "CRAN",
      "Hash": "870a12f824e6d7729de5cf55927ae1d0"
    },
    "askpass": {
      "Package": "askpass",
      "Version": "1.1",
      "Source": "CRAN",
      "Hash": "46678e19f261db289be40292d8e5d5bf"
    },
    "assertthat": {
      "Package": "assertthat",
      "Version": "0.2.1",
      "Source": "CRAN",
      "Hash": "19fb3d0ad048b4eb1a05cacffbae1f66"
    },
    "backports": {
      "Package": "backports",
      "Version": "1.1.4",
      "Source": "CRAN",
      "Hash": "2a78bf0825e0088e117520553ceb7fa5"
    },
    "base64enc": {
      "Package": "base64enc",
      "Version": "0.1-3",
      "Source": "CRAN",
      "Hash": "d355963b4b1c3039bfe8d65611a11cca"
    },
    "base64url": {
      "Package": "base64url",
      "Version": "1.4",
      "Source": "CRAN",
      "Hash": "205ca9cc59dc1fff1a7ba55fee9dad57"
    },
    "bookdown": {
      "Package": "bookdown",
      "Version": "0.13",
      "Source": "CRAN",
      "Hash": "2ac6b83fbe5c15bbdd3113bb9402c277"
    },
    "brew": {
      "Package": "brew",
      "Version": "1.0-6",
      "Source": "CRAN",
      "Hash": "190fd31e9253446523a8ee4642229516"
    },
    "callr": {
      "Package": "callr",
      "Version": "3.3.1",
      "Source": "CRAN",
      "Hash": "b9788f81c78e3187d199c4057872fe06"
    },
    "checkmate": {
      "Package": "checkmate",
      "Version": "1.9.4",
      "Source": "CRAN",
      "Hash": "51788d50ba2a6ac3bf71efadaf1f76d9"
    },
    "cli": {
      "Package": "cli",
      "Version": "1.1.0",
      "Source": "CRAN",
      "Hash": "9b3dc7798f53ba3050b41ce4a3febdc5"
    },
    "clipr": {
      "Package": "clipr",
      "Version": "0.7.0",
      "Source": "CRAN",
      "Hash": "9a99b54d2baf9393d0a68b6ea9513ee6"
    },
    "clisymbols": {
      "Package": "clisymbols",
      "Version": "1.2.0",
      "Source": "CRAN",
      "Hash": "ce91c46caba29e30c44cfd87659bf8a4"
    },
    "codetools": {
      "Package": "codetools",
      "Version": "0.2-16",
      "Source": "CRAN",
      "Hash": "3bf2a0853d7faf7f865d0b877946e452"
    },
    "colorspace": {
      "Package": "colorspace",
      "Version": "1.4-1",
      "Source": "CRAN",
      "Hash": "c25d49739abb6ebf4b3d0c3565574226"
    },
    "commonmark": {
      "Package": "commonmark",
      "Version": "1.7",
      "Source": "CRAN",
      "Hash": "af7f698e0328e0474f794452177deca6"
    },
    "crayon": {
      "Package": "crayon",
      "Version": "1.3.4",
      "Source": "CRAN",
      "Hash": "d308ead32010b8e4d76c4690427da50b"
    },
    "curl": {
      "Package": "curl",
      "Version": "4.0",
      "Source": "CRAN",
      "Hash": "7dc1d02a04a75510424d2c7404fadfa7"
    },
    "datamodelr": {
      "Package": "datamodelr",
      "Version": "0.2.2.9002",
      "Source": "GitHub",
      "RemoteType": "github",
      "RemoteHost": "api.github.com",
      "RemoteRepo": "datamodelr",
      "RemoteUsername": "bergant",
      "RemoteRef": "master",
      "RemoteSha": "dbc3111bd77cd4e26d13849001e6555216dfdab4",
      "Hash": "79163bb2d645716577c9286825dce938"
    },
    "desc": {
      "Package": "desc",
      "Version": "1.2.0",
      "Source": "CRAN",
      "Hash": "0119aa659b9c1db195b4bd7c617d18c0"
    },
    "devtools": {
      "Package": "devtools",
      "Version": "2.1.0",
      "Source": "CRAN",
      "Hash": "30e711b77a5bfa480161015ead405a0d"
    },
    "digest": {
      "Package": "digest",
      "Version": "0.6.20",
      "Source": "CRAN",
      "Hash": "e90f6670040b5aec92425051fc13ac1c"
    },
    "downloader": {
      "Package": "downloader",
      "Version": "0.4",
      "Source": "CRAN",
      "Hash": "49907781ae2617dd5481b7c21a426d08"
    },
    "dplyr": {
      "Package": "dplyr",
      "Version": "0.8.3",
      "Source": "CRAN",
      "Hash": "17783831e1e918ab250dcae5dd9c6e03"
    },
    "drake": {
      "Package": "drake",
      "Version": "7.6.1.9000",
      "Source": "GitHub",
      "RemoteType": "github",
      "RemoteUsername": "ropensci",
      "RemoteRepo": "drake",
      "RemoteRef": "master",
      "RemoteSha": "a6f7fa7a00af97dc872ab20154cfd5659a9f81f4",
      "RemoteHost": "api.github.com",
      "Hash": "0ed2027d92cb03e1afbac517bc0da7a7"
    },
    "ellipsis": {
      "Package": "ellipsis",
      "Version": "0.2.0.1",
      "Source": "CRAN",
      "Hash": "a7a9b2ae023bf012744c480d3388c0c8"
    },
    "evaluate": {
      "Package": "evaluate",
      "Version": "0.14",
      "Source": "CRAN",
      "Hash": "5a6c1949963e0785dbcbb0556337d61e"
    },
    "fansi": {
      "Package": "fansi",
      "Version": "0.4.0",
      "Source": "CRAN",
      "Hash": "cd87b0162287f0da225edfaa2fd3a20c"
    },
    "filelock": {
      "Package": "filelock",
      "Version": "1.0.2",
      "Source": "CRAN",
      "Hash": "784db550445dfa0f28cacd1e07fed4c8"
    },
    "fs": {
      "Package": "fs",
      "Version": "1.3.1",
      "Source": "CRAN",
      "Hash": "dba7e43c4103d978cb7c95b97987cc68"
    },
    "furrr": {
      "Package": "furrr",
      "Version": "0.1.0",
      "Source": "CRAN",
      "Hash": "ba787bdceee408b8f399c653fcee1601"
    },
    "future": {
      "Package": "future",
      "Version": "1.14.0",
      "Source": "CRAN",
      "Hash": "2dd37a87b16d7ae973505d636d36d22c"
    },
    "generics": {
      "Package": "generics",
      "Version": "0.0.2",
      "Source": "CRAN",
      "Hash": "4e8e453aff36dd8ddac10ff157083e4f"
    },
    "ggplot2": {
      "Package": "ggplot2",
      "Version": "3.2.1",
      "Source": "CRAN",
      "Hash": "635db021d29f3523c4f88e82d0c01c5e"
    },
    "gh": {
      "Package": "gh",
      "Version": "1.0.1",
      "Source": "CRAN",
      "Hash": "3fc5d4d6893bd1598318a35def5e9d23"
    },
    "git2r": {
      "Package": "git2r",
      "Version": "0.26.1",
      "Source": "CRAN",
      "Hash": "22ea14e8f582d4a83a273f24ac43e27e"
    },
    "globals": {
      "Package": "globals",
      "Version": "0.12.4",
      "Source": "CRAN",
      "Hash": "cf9ddd6b6fce90974d5bd9b5f80d08b0"
    },
    "glue": {
      "Package": "glue",
      "Version": "1.3.1",
      "Source": "CRAN",
      "Hash": "e8436e647719b7c9d01409767cd88cc8"
    },
    "gridExtra": {
      "Package": "gridExtra",
      "Version": "2.3",
      "Source": "CRAN",
      "Hash": "4626f6a59a3b1095e7bdc7bd02a3107f"
    },
    "gt": {
      "Package": "gt",
      "Version": "0.1.0",
      "Source": "GitHub",
      "Remotes": "rstudio/sass",
      "RemoteType": "github",
      "RemoteHost": "api.github.com",
      "RemoteRepo": "gt",
      "RemoteUsername": "rstudio",
      "RemoteRef": "master",
      "RemoteSha": "f67bf7f2f7fc4e241f0e148377cf0340c159c137",
      "Hash": "5df885c6f5a9f75addbeac90254a3dd8"
    },
    "gtable": {
      "Package": "gtable",
      "Version": "0.3.0",
      "Source": "CRAN",
      "Hash": "6a58b2980a57345822ec5f9c7d2d1751"
    },
    "here": {
      "Package": "here",
      "Version": "0.1",
      "Source": "CRAN",
      "Hash": "17102304d55b3242d6199cddc0fd79f7"
    },
    "highr": {
      "Package": "highr",
      "Version": "0.8",
      "Source": "CRAN",
      "Hash": "43e36bc8bca1d8256f86933659c46349"
    },
    "hms": {
      "Package": "hms",
      "Version": "0.5.1",
      "Source": "CRAN",
      "Hash": "5c9cbb0d6f49109be1a771d963801847"
    },
    "htmltools": {
      "Package": "htmltools",
      "Version": "0.3.6",
      "Source": "CRAN",
      "Hash": "5132526e7fb28a2c20d1ef443d5c4644"
    },
    "htmlwidgets": {
      "Package": "htmlwidgets",
      "Version": "1.3",
      "Source": "CRAN",
      "Hash": "8aa0ed21f14fc9645367e8bc305415f5"
    },
    "httr": {
      "Package": "httr",
      "Version": "1.4.1",
      "Source": "CRAN",
      "Hash": "5dbd937df2ed15043fd4b49e1e217030"
    },
    "igraph": {
      "Package": "igraph",
      "Version": "1.2.4.1",
      "Source": "CRAN",
      "Hash": "6eb7a604bc33c66dac0611b7ce75ac69"
    },
    "influenceR": {
      "Package": "influenceR",
      "Version": "0.1.0",
      "Source": "CRAN",
      "Hash": "15b766dddeaa690bc690761c89acf059"
    },
    "ini": {
      "Package": "ini",
      "Version": "0.3.1",
      "Source": "CRAN",
      "Hash": "4a15d8cfc931554fb2e71d66c1313b45"
    },
    "jsonlite": {
      "Package": "jsonlite",
      "Version": "1.6",
      "Source": "CRAN",
      "Hash": "b7e67b6a7bc2fdae729c0f3ff9026a8a"
    },
    "kableExtra": {
      "Package": "kableExtra",
      "Version": "1.1.0",
      "Source": "CRAN",
      "Hash": "95d5038a266d5563fab1603daf3959a6"
    },
    "knitr": {
      "Package": "knitr",
      "Version": "1.24",
      "Source": "CRAN",
      "Hash": "4d5213d0ec43d3ef3415177faa434602"
    },
    "labeling": {
      "Package": "labeling",
      "Version": "0.3",
      "Source": "CRAN",
      "Hash": "e1f613894f080d1eee41c34b281a2184"
    },
    "lattice": {
      "Package": "lattice",
      "Version": "0.20-38",
      "Source": "CRAN",
      "Hash": "6f7aa123115b33bc9ad1ca800874b1de"
    },
    "lazyeval": {
      "Package": "lazyeval",
      "Version": "0.2.2",
      "Source": "CRAN",
      "Hash": "d2f5e98b8b7ae633e252830c3243c2ab"
    },
    "listenv": {
      "Package": "listenv",
      "Version": "0.7.0",
      "Source": "CRAN",
      "Hash": "7cdee13e292d057fce33553ea7eebbd7"
    },
    "lubridate": {
      "Package": "lubridate",
      "Version": "1.7.4",
      "Source": "CRAN",
      "Hash": "d55fdb3732a8f047e49b86064dd78984"
    },
    "magrittr": {
      "Package": "magrittr",
      "Version": "1.5",
      "Source": "CRAN",
      "Hash": "dee1d97cffddfd3ed969e224bd0826d0"
    },
    "markdown": {
      "Package": "markdown",
      "Version": "1.1",
      "Source": "CRAN",
      "Hash": "80e1f73841614fa35f82a85d66fb41da"
    },
    "memoise": {
      "Package": "memoise",
      "Version": "1.1.0",
      "Source": "CRAN",
      "Hash": "22ca9b285c10f5dd8c4d1e90231ce558"
    },
    "mgcv": {
      "Package": "mgcv",
      "Version": "1.8-28",
      "Source": "CRAN",
      "Hash": "6ac256e4fdcf33c11f9ed987927cc614"
    },
    "mime": {
      "Package": "mime",
      "Version": "0.7",
      "Source": "CRAN",
      "Hash": "908d95ccbfd1dd274073ef07a7c93934"
    },
    "munsell": {
      "Package": "munsell",
      "Version": "0.5.0",
      "Source": "CRAN",
      "Hash": "9111af6c6dec65538ebd3de6c0bae864"
    },
    "nlme": {
      "Package": "nlme",
      "Version": "3.1-141",
      "Source": "CRAN",
      "Hash": "be8db89838a17117a4083e72350443e0"
    },
    "openssl": {
      "Package": "openssl",
      "Version": "1.4.1",
      "Source": "CRAN",
      "Hash": "6c438de366d5693238d1c400deb66cb6"
    },
    "pander": {
      "Package": "pander",
      "Version": "0.6.3",
      "Source": "CRAN",
      "Hash": "ccc723b9d7b4db7ef57a6109d7835380"
    },
    "piggyback": {
      "Package": "piggyback",
      "Version": "0.0.10.99",
      "Source": "GitHub",
      "RemoteType": "github",
      "RemoteHost": "api.github.com",
      "RemoteRepo": "piggyback",
      "RemoteUsername": "ropensci",
      "RemoteRef": "master",
      "RemoteSha": "c4ca808b661ad44f4e8424b908c37cc686f9480c",
      "Hash": "00a74db6041a5c60d1debe4d9f79ad4e"
    },
    "pillar": {
      "Package": "pillar",
      "Version": "1.4.2",
      "Source": "CRAN",
      "Hash": "57645ff795277554eee14df5bcee8025"
    },
    "pkgbuild": {
      "Package": "pkgbuild",
      "Version": "1.0.5",
      "Source": "CRAN",
      "Hash": "00ec4a14a879c7fda96b2228cff1c5cc"
    },
    "pkgconfig": {
      "Package": "pkgconfig",
      "Version": "2.0.2",
      "Source": "CRAN",
      "Hash": "2dd2d8867e4f0173ea2ce029d630a086"
    },
    "pkgload": {
      "Package": "pkgload",
      "Version": "1.0.2",
      "Source": "CRAN",
      "Hash": "f214a72af3442fdd3396ceccbb7d7f44"
    },
    "plogr": {
      "Package": "plogr",
      "Version": "0.2.0",
      "Source": "CRAN",
      "Hash": "1a8304cc1382ef64e3b710ba589d7bc0"
    },
    "plyr": {
      "Package": "plyr",
      "Version": "1.8.4",
      "Source": "CRAN",
      "Hash": "37dd0f3aadee2ac99e47168f4bffddb7"
    },
    "praise": {
      "Package": "praise",
      "Version": "1.0.0",
      "Source": "CRAN",
      "Hash": "3940f2f321d5fa9fb72b8887b0454660"
    },
    "prettyunits": {
      "Package": "prettyunits",
      "Version": "1.0.2",
      "Source": "CRAN",
      "Hash": "33ce93b23647e85c127f8e1bb08604fc"
    },
    "processx": {
      "Package": "processx",
      "Version": "3.4.1",
      "Source": "CRAN",
      "Hash": "fec9b1a798e49d0609702929706a1dfc"
    },
    "progress": {
      "Package": "progress",
      "Version": "1.2.2",
      "Source": "CRAN",
      "Hash": "e8c47e04650b07d40c3c50a878a4dffa"
    },
    "ps": {
      "Package": "ps",
      "Version": "1.3.0",
      "Source": "CRAN",
      "Hash": "a38f3fd447d1595a3da538910054b911"
    },
    "purrr": {
      "Package": "purrr",
      "Version": "0.3.2",
      "Source": "CRAN",
      "Hash": "c360ab7eabd6e38a83f2475eb97c6344"
    },
    "rcmdcheck": {
      "Package": "rcmdcheck",
      "Version": "1.3.3",
      "Source": "CRAN",
      "Hash": "577b91be8aea851ea27aad3585adef05"
    },
    "readr": {
      "Package": "readr",
      "Version": "1.3.1",
      "Source": "CRAN",
      "Hash": "60167b7ec3de99e76ff406aaf0f83bb4"
    },
    "remotes": {
      "Package": "remotes",
      "Version": "2.1.0",
      "Source": "CRAN",
      "Hash": "830aa73278dce9beba583bfe57a5c015"
    },
    "renv": {
      "Package": "renv",
      "Version": "0.7.0-21",
      "Source": "GitHub",
      "RemoteType": "github",
      "RemoteUsername": "rstudio",
      "RemoteRepo": "renv",
      "RemoteRef": "master",
      "RemoteSha": "e0a0c1399e5515e26284ce1a10df903491b57ff1",
      "RemoteHost": "api.github.com",
      "Hash": "732cbe6a877bc10ac5509c38f670c58b"
    },
    "reshape2": {
      "Package": "reshape2",
      "Version": "1.4.3",
      "Source": "CRAN",
      "Hash": "ac685130d1a25e3f6470960fd29c5693"
    },
    "rgexf": {
      "Package": "rgexf",
      "Version": "0.15.3",
      "Source": "CRAN",
      "Hash": "e1f0dcc06656e78a0f21f4f2c6e7298c"
    },
    "rlang": {
      "Package": "rlang",
      "Version": "0.4.0",
      "Source": "CRAN",
      "Hash": "8f1bf3a54c8844dc254baabba61cb6a9"
    },
    "rmarkdown": {
      "Package": "rmarkdown",
      "Version": "1.15",
      "Source": "CRAN",
      "Hash": "7009ca49bab0c053098ae99b595bbacb"
    },
    "roxygen2": {
      "Package": "roxygen2",
      "Version": "6.1.1",
      "Source": "CRAN",
      "Hash": "5c44ac973ec9b56efd7990e4b4464699"
    },
    "rprojroot": {
      "Package": "rprojroot",
      "Version": "1.3-2",
      "Source": "CRAN",
      "Hash": "5382761b8b318da6dd3fb0f6dae3c43a"
    },
    "rsample": {
      "Package": "rsample",
      "Version": "0.0.5",
      "Source": "CRAN",
      "Hash": "b81a5a4c987ce5d30644fa276ff0c792"
    },
    "rstudioapi": {
      "Package": "rstudioapi",
      "Version": "0.10",
      "Source": "CRAN",
      "Hash": "04552808fd065fdf0fec7bad340eb83c"
    },
    "rvest": {
      "Package": "rvest",
      "Version": "0.3.4",
      "Source": "CRAN",
      "Hash": "76bb112bc3833454dc701230aa9cb3ed"
    },
    "sass": {
      "Package": "sass",
      "Version": "0.1.2.1",
      "Source": "GitHub",
      "RemoteType": "github",
      "RemoteHost": "api.github.com",
      "RemoteRepo": "sass",
      "RemoteUsername": "rstudio",
      "RemoteRef": "master",
      "RemoteSha": "4f3d4069e28f475a67d42d293bc56a5f7d807c67",
      "Hash": "000c3ae20245da9712380153d5b853d9"
    },
    "scales": {
      "Package": "scales",
      "Version": "1.0.0",
      "Source": "CRAN",
      "Hash": "a96e9571cd875b7b934990d85b7a3c18"
    },
    "selectr": {
      "Package": "selectr",
      "Version": "0.4-1",
      "Source": "CRAN",
      "Hash": "40ccee5dc2b97e197648525aefcfd0ba"
    },
    "sessioninfo": {
      "Package": "sessioninfo",
      "Version": "1.1.1",
      "Source": "CRAN",
      "Hash": "017efbc7877606b886a2fb3d01c0bbda"
    },
    "skimr": {
      "Package": "skimr",
      "Version": "1.0.7",
      "Source": "CRAN",
      "Hash": "9f6f41df5ca0786682825edd0eb84a3e"
    },
    "storr": {
      "Package": "storr",
      "Version": "1.2.1",
      "Source": "CRAN",
      "Hash": "3bd64ff7d32ab39360094aa228a3197b"
    },
    "stringi": {
      "Package": "stringi",
      "Version": "1.4.3",
      "Source": "CRAN",
      "Hash": "113506f116db9dd5bd1caf46884e0647"
    },
    "stringr": {
      "Package": "stringr",
      "Version": "1.4.0",
      "Source": "CRAN",
      "Hash": "41d6310ad18bd019a203d7adc496a28b"
    },
    "sys": {
      "Package": "sys",
      "Version": "3.3",
      "Source": "CRAN",
      "Hash": "9ecf6bee5958b8977bd1db3131978a71"
    },
    "testthat": {
      "Package": "testthat",
      "Version": "2.2.1",
      "Source": "CRAN",
      "Hash": "3e86adb988cb96c5b30b01ec56719ac4"
    },
    "tibble": {
      "Package": "tibble",
      "Version": "2.1.3",
      "Source": "CRAN",
      "Hash": "a8d41bd284e21ab7e776d228dc5bac91"
    },
    "tidyr": {
      "Package": "tidyr",
      "Version": "0.8.3",
      "Source": "CRAN",
      "Hash": "51442fddca0f783dce03baffbe5b790b"
    },
    "tidyselect": {
      "Package": "tidyselect",
      "Version": "0.2.5",
      "Source": "CRAN",
      "Hash": "dc3fcbc21f04b293e0794e24982cf357"
    },
    "tinytex": {
      "Package": "tinytex",
      "Version": "0.15",
      "Source": "CRAN",
      "Hash": "11c9260eb54db1f55e7573844c2ae8ed"
    },
    "txtq": {
      "Package": "txtq",
      "Version": "0.1.5",
      "Source": "CRAN",
      "Hash": "dc333dae167fd4e587ba1cce180d7bdb"
    },
    "usethis": {
      "Package": "usethis",
      "Version": "1.5.1.9000",
      "Source": "GitHub",
      "RemoteType": "github",
      "RemoteUsername": "r-lib",
      "RemoteRepo": "usethis",
      "RemoteRef": "master",
      "RemoteSha": "4377307c35dfea365edf2ac99cdbedc83f56663b",
      "RemoteHost": "api.github.com",
      "Hash": "343c3226d4ce8e2c477b5ce583d1fe38"
    },
    "utf8": {
      "Package": "utf8",
      "Version": "1.1.4",
      "Source": "CRAN",
      "Hash": "3f1a5a5b184f63379f8e6c08d5036c53"
    },
    "vctrs": {
      "Package": "vctrs",
      "Version": "0.2.0",
      "Source": "CRAN",
      "Hash": "4bdc6a6c4c5a434d880b73817d4ea641"
    },
    "viridis": {
      "Package": "viridis",
      "Version": "0.5.1",
      "Source": "CRAN",
      "Hash": "36f082a7e4f833bd4dc4839c5a8d2a84"
    },
    "viridisLite": {
      "Package": "viridisLite",
      "Version": "0.3.0",
      "Source": "CRAN",
      "Hash": "1f264fa42320c4f44b1689d89101e823"
    },
    "visNetwork": {
      "Package": "visNetwork",
      "Version": "2.0.8",
      "Source": "CRAN",
      "Hash": "c5f1dba5bf63894ac562452f0edb7967"
    },
    "vroom": {
      "Package": "vroom",
      "Version": "1.0.2",
      "Source": "CRAN",
      "Hash": "90fc30867fc430bb03c23c127dafa398"
    },
    "webshot": {
      "Package": "webshot",
      "Version": "0.5.1",
      "Source": "CRAN",
      "Hash": "751636e977781ba79331a00d96bfd7bd"
    },
    "whisker": {
      "Package": "whisker",
      "Version": "0.4",
      "Source": "CRAN",
      "Hash": "99cb522b4fa9e2cf1592ac5163fd917f"
    },
    "withr": {
      "Package": "withr",
      "Version": "2.1.2",
      "Source": "CRAN",
      "Hash": "7c9aef08038f47e6c1532ed574a0e087"
    },
    "xfun": {
      "Package": "xfun",
      "Version": "0.9",
      "Source": "CRAN",
      "Hash": "f577b2b637a64f3b5662430ccc6fa1b7"
    },
    "xml2": {
      "Package": "xml2",
      "Version": "1.2.2",
      "Source": "CRAN",
      "Hash": "22fa8b694a7ffcec094bfb94a405595d"
    },
    "xopen": {
      "Package": "xopen",
      "Version": "1.0.0",
      "Source": "CRAN",
      "Hash": "ec32d86b4bcfa2cfa648dc0e1e46e24d"
    },
    "yaml": {
      "Package": "yaml",
      "Version": "2.2.0",
      "Source": "CRAN",
      "Hash": "3a313c96061c4ac790de611dc57ebd1f"
    },
    "zeallot": {
      "Package": "zeallot",
      "Version": "0.1.0",
      "Source": "CRAN",
      "Hash": "45d65588b02d47970fc84adecb2ee664"
    }
  }
}
